
Microsoft Visual Studio Solution File, Format Version 12.00
# Visual Studio Version 16
VisualStudioVersion = 16.0.29709.97
MinimumVisualStudioVersion = 10.0.40219.1
Project("{F184B08F-C81C-45F6-A57F-5ABD9991F28F}") = "IntraMar", "IntraMar\IntraMar.vbproj", "{568F5D67-00FA-4D79-9638-1025812BF353}"
EndProject
Global
	GlobalSection(SolutionConfigurationPlatforms) = preSolution
		Debug|Any CPU = Debug|Any CPU
		Release|Any CPU = Release|Any CPU
	EndGlobalSection
	GlobalSection(ProjectConfigurationPlatforms) = postSolution
		{568F5D67-00FA-4D79-9638-1025812BF353}.Debug|Any CPU.ActiveCfg = Debug|Any CPU
		{568F5D67-00FA-4D79-9638-1025812BF353}.Debug|Any CPU.Build.0 = Debug|Any CPU
		{568F5D67-00FA-4D79-9638-1025812BF353}.Release|Any CPU.ActiveCfg = Release|Any CPU
		{568F5D67-00FA-4D79-9638-1025812BF353}.Release|Any CPU.Build.0 = Release|Any CPU
	EndGlobalSection
	GlobalSection(SolutionProperties) = preSolution
		HideSolutionNode = FALSE
	EndGlobalSection
	GlobalSection(ExtensibilityGlobals) = postSolution
		SolutionGuid = {6A1EC74F-008B-4035-A722-5865BF294EA2}
	EndGlobalSection
EndGlobal
